
Microsoft Visual Studio Solution File, Format Version 12.00
# Visual Studio Version 18
VisualStudioVersion = 18.3.11312.210 d18.3
MinimumVisualStudioVersion = 10.0.40219.1
Project("{FAE04EC0-301F-11D3-BF4B-00C04F79EFBC}") = "MarketConnector.Template", "MarketConnector.Template.csproj", "{22F5F8D4-4DA0-4C8F-940D-B7DE4FA4D242}"
EndProject
Global
	GlobalSection(SolutionConfigurationPlatforms) = preSolution
		Debug|Any CPU = Debug|Any CPU
		Release|Any CPU = Release|Any CPU
	EndGlobalSection
	GlobalSection(ProjectConfigurationPlatforms) = postSolution
		{22F5F8D4-4DA0-4C8F-940D-B7DE4FA4D242}.Debug|Any CPU.ActiveCfg = Debug|Any CPU
		{22F5F8D4-4DA0-4C8F-940D-B7DE4FA4D242}.Debug|Any CPU.Build.0 = Debug|Any CPU
		{22F5F8D4-4DA0-4C8F-940D-B7DE4FA4D242}.Release|Any CPU.ActiveCfg = Release|Any CPU
		{22F5F8D4-4DA0-4C8F-940D-B7DE4FA4D242}.Release|Any CPU.Build.0 = Release|Any CPU
	EndGlobalSection
	GlobalSection(SolutionProperties) = preSolution
		HideSolutionNode = FALSE
	EndGlobalSection
	GlobalSection(ExtensibilityGlobals) = postSolution
		SolutionGuid = {18652E4C-0D40-4A05-A592-8CA2C3D7CBE6}
	EndGlobalSection
EndGlobal
