
Microsoft Visual Studio Solution File, Format Version 12.00
# Visual Studio Version 18
VisualStudioVersion = 18.0.11116.177
MinimumVisualStudioVersion = 10.0.40219.1
Project("{FAE04EC0-301F-11D3-BF4B-00C04F79EFBC}") = "demoTradingCore", "demoTradingCore\demoTradingCore.csproj", "{932E0DD0-256E-4480-97BC-E0A291D8F3E0}"
EndProject
Project("{9A19103F-16F7-4668-BE54-9A1E7A4F7556}") = "VisualHFT.Commons", "VisualHFT.Commons\VisualHFT.Commons.csproj", "{D479C46D-1016-4C55-89CA-7FECB77BADD9}"
EndProject
Project("{9A19103F-16F7-4668-BE54-9A1E7A4F7556}") = "MarketConnectors.Binance", "VisualHFT.Plugins\MarketConnectors.Binance\MarketConnectors.Binance.csproj", "{94E440F7-C9B4-41B4-B7F2-631361BB15C2}"
EndProject
Project("{2150E333-8FDC-42A3-9474-1A3956D46DE8}") = "Plugins", "Plugins", "{EDFECE32-94EC-4AC5-8A4B-B7CDECC65CB0}"
EndProject
Project("{9A19103F-16F7-4668-BE54-9A1E7A4F7556}") = "MarketConnectors.Bitfinex", "VisualHFT.Plugins\MarketConnectors.Bitfinex\MarketConnectors.Bitfinex.csproj", "{06AD6F6B-BBFA-458E-ACA4-EEA5AF1F3AE0}"
EndProject
Project("{9A19103F-16F7-4668-BE54-9A1E7A4F7556}") = "MarketConnectors.WebSocket", "VisualHFT.Plugins\MarketConnectors.WebSocket\MarketConnectors.WebSocket.csproj", "{CCC8EF2E-EEE3-4F5C-8A06-F07947D8BCFA}"
EndProject
Project("{9A19103F-16F7-4668-BE54-9A1E7A4F7556}") = "Studies.VPIN", "VisualHFT.Plugins\Studies.VPIN\Studies.VPIN.csproj", "{77A17B04-2914-4DB5-874C-C533D437B176}"
EndProject
Project("{9A19103F-16F7-4668-BE54-9A1E7A4F7556}") = "VisualHFT.Commons.WPF", "VisualHFT.Commons.WPF\VisualHFT.Commons.WPF.csproj", "{62BF162D-118E-426C-8B96-1A1612E0A346}"
EndProject
Project("{9A19103F-16F7-4668-BE54-9A1E7A4F7556}") = "Studies.LOBImbalance", "VisualHFT.Plugins\Studies.LOBImbalance\Studies.LOBImbalance.csproj", "{74B08F14-A2A1-43A1-8DBF-CA9F19F9B8E2}"
EndProject
Project("{9A19103F-16F7-4668-BE54-9A1E7A4F7556}") = "Studies.MarketResilience", "VisualHFT.Plugins\Studies.MarketResilience\Studies.MarketResilience.csproj", "{AE79F03E-98FF-4730-BEFE-76204BFD7707}"
EndProject
Project("{9A19103F-16F7-4668-BE54-9A1E7A4F7556}") = "VisualHFT", "VisualHFT.csproj", "{53201298-2106-4464-9ABD-2BAD5A4C9071}"
EndProject
Project("{9A19103F-16F7-4668-BE54-9A1E7A4F7556}") = "MarketConnectors.BitStamp", "VisualHFT.Plugins\MarketConnectors.BitStamp\MarketConnectors.BitStamp.csproj", "{F08C2C33-A296-432A-82D5-340C9FDA9F2D}"
EndProject
Project("{9A19103F-16F7-4668-BE54-9A1E7A4F7556}") = "MarketConnectors.Coinbase", "VisualHFT.Plugins\MarketConnectors.Coinbase\MarketConnectors.Coinbase.csproj", "{5C47DE3D-35EB-486D-AA7B-CDF5905F31FA}"
EndProject
Project("{9A19103F-16F7-4668-BE54-9A1E7A4F7556}") = "MarketConnectors.Gemini", "VisualHFT.Plugins\MarketConnectors.Gemini\MarketConnectors.Gemini\MarketConnectors.Gemini.csproj", "{1B0A262F-E3DE-426B-BE4A-05BAD7DCF8DB}"
EndProject
Project("{9A19103F-16F7-4668-BE54-9A1E7A4F7556}") = "MarketConnectors.Kraken", "VisualHFT.Plugins\MarketConnectors.Kraken\MarketConnectors.Kraken.csproj", "{41E5D3CA-8862-4234-8A3B-4B99C2B2B405}"
EndProject
Project("{9A19103F-16F7-4668-BE54-9A1E7A4F7556}") = "MarketConnectors.KuCoin", "VisualHFT.Plugins\MarketConnectors.KuCoin\MarketConnectors.KuCoin.csproj", "{EBB5F42D-1BD7-4B2F-983C-C9E634310C8D}"
EndProject
Project("{2150E333-8FDC-42A3-9474-1A3956D46DE8}") = "MarketConnectors.BaseDAL", "MarketConnectors.BaseDAL", "{A1018CA4-B0D3-46E5-82EE-30FD1D642563}"
EndProject
Project("{2150E333-8FDC-42A3-9474-1A3956D46DE8}") = "BitStamp.Net", "BitStamp.Net", "{5D1E183C-65E6-43DE-947B-91A24CD857CB}"
EndProject
Project("{9A19103F-16F7-4668-BE54-9A1E7A4F7556}") = "BitStamp.Net", "VisualHFT.Plugins\MarketConnectors.BaseDAL\BitStamp.Net\BitStamp.Net.csproj", "{F72F3B3E-0DA7-4629-BD6E-DECADCE40623}"
EndProject
Project("{2150E333-8FDC-42A3-9474-1A3956D46DE8}") = "Gemini.Net", "Gemini.Net", "{A0F05701-A3F2-42B6-9F79-2AD27971A79F}"
EndProject
Project("{9A19103F-16F7-4668-BE54-9A1E7A4F7556}") = "Gemini.Net", "VisualHFT.Plugins\MarketConnectors.BaseDAL\Gemini.Net\Gemini.Net.csproj", "{B105D6AB-A3F8-4609-A42E-F6AE10D433F8}"
EndProject
Project("{FAE04EC0-301F-11D3-BF4B-00C04F79EFBC}") = "VisualHFT.DataRetriever.TestingFramework", "VisualHFT.DataRetriever.TestingFramework\VisualHFT.DataRetriever.TestingFramework.csproj", "{9FA70DCE-D68C-4BC8-A73F-3A9D88A7220A}"
EndProject
Project("{FAE04EC0-301F-11D3-BF4B-00C04F79EFBC}") = "Studies.MarketResilience.Test", "VisualHFT.Plugins\Studies.MarketResilience.Test\Studies.MarketResilience.Test.csproj", "{5A140A0F-94B7-4D5A-A0BE-7DAA323534BB}"
EndProject
Project("{9A19103F-16F7-4668-BE54-9A1E7A4F7556}") = "VisualHFT.TriggerService.TestingFramework", "VisualHFT.TriggerService.TestingFramework\VisualHFT.TriggerService.TestingFramework.csproj", "{CAE9F23B-0FC8-44D4-B8A7-F60FF29ACCDE}"
EndProject
Project("{FAE04EC0-301F-11D3-BF4B-00C04F79EFBC}") = "OxyPlot", "..\oxyplot\Source\OxyPlot\OxyPlot.csproj", "{76C85675-6AF0-509D-F457-1B8F15CA4FF0}"
EndProject
Project("{FAE04EC0-301F-11D3-BF4B-00C04F79EFBC}") = "OxyPlot.SkiaSharp.Wpf", "..\oxyplot\Source\OxyPlot.SkiaSharp.Wpf\OxyPlot.SkiaSharp.Wpf.csproj", "{D883F4DF-CF88-6DA1-1167-558B97B94C16}"
EndProject
Project("{FAE04EC0-301F-11D3-BF4B-00C04F79EFBC}") = "OxyPlot.SkiaSharp", "..\oxyplot\Source\OxyPlot.SkiaSharp\OxyPlot.SkiaSharp.csproj", "{3C8BCBB5-21F4-EBC5-29F0-056F95C47BD3}"
EndProject
Project("{FAE04EC0-301F-11D3-BF4B-00C04F79EFBC}") = "OxyPlot.Wpf.Shared", "..\oxyplot\Source\OxyPlot.Wpf.Shared\OxyPlot.Wpf.Shared.csproj", "{0E271D27-8139-5EA9-4BAF-BBC9F2DD92BE}"
EndProject
Project("{FAE04EC0-301F-11D3-BF4B-00C04F79EFBC}") = "Studies.OTT_Ratio", "VisualHFT.Plugins\Studies.OTT_Ratio\Studies.OTT_Ratio.csproj", "{A3AA710A-47CB-58AC-A0C9-6A4987624B0C}"
EndProject
Project("{FAE04EC0-301F-11D3-BF4B-00C04F79EFBC}") = "VisualHFT.Commons.Benchmarks", "VisualHFT.Commons.Benchmarks\VisualHFT.Commons.Benchmarks.csproj", "{65FC2936-7C6C-A678-1996-FD0AD74DDA3A}"
EndProject
Project("{FAE04EC0-301F-11D3-BF4B-00C04F79EFBC}") = "VisualHFT.Commons.TestingFramework", "VisualHFT.Commons.TestingFramework\VisualHFT.Commons.TestingFramework.csproj", "{A27E6C4D-BF16-2EF3-C8BA-8ED9DA1B914F}"
EndProject
Global
	GlobalSection(SolutionConfigurationPlatforms) = preSolution
		Debug|Any CPU = Debug|Any CPU
		Release|Any CPU = Release|Any CPU
	EndGlobalSection
	GlobalSection(ProjectConfigurationPlatforms) = postSolution
		{932E0DD0-256E-4480-97BC-E0A291D8F3E0}.Debug|Any CPU.ActiveCfg = Debug|Any CPU
		{932E0DD0-256E-4480-97BC-E0A291D8F3E0}.Debug|Any CPU.Build.0 = Debug|Any CPU
		{932E0DD0-256E-4480-97BC-E0A291D8F3E0}.Release|Any CPU.ActiveCfg = Release|Any CPU
		{932E0DD0-256E-4480-97BC-E0A291D8F3E0}.Release|Any CPU.Build.0 = Release|Any CPU
		{D479C46D-1016-4C55-89CA-7FECB77BADD9}.Debug|Any CPU.ActiveCfg = Debug|Any CPU
		{D479C46D-1016-4C55-89CA-7FECB77BADD9}.Debug|Any CPU.Build.0 = Debug|Any CPU
		{D479C46D-1016-4C55-89CA-7FECB77BADD9}.Release|Any CPU.ActiveCfg = Release|Any CPU
		{D479C46D-1016-4C55-89CA-7FECB77BADD9}.Release|Any CPU.Build.0 = Release|Any CPU
		{94E440F7-C9B4-41B4-B7F2-631361BB15C2}.Debug|Any CPU.ActiveCfg = Debug|Any CPU
		{94E440F7-C9B4-41B4-B7F2-631361BB15C2}.Debug|Any CPU.Build.0 = Debug|Any CPU
		{94E440F7-C9B4-41B4-B7F2-631361BB15C2}.Release|Any CPU.ActiveCfg = Release|Any CPU
		{94E440F7-C9B4-41B4-B7F2-631361BB15C2}.Release|Any CPU.Build.0 = Release|Any CPU
		{06AD6F6B-BBFA-458E-ACA4-EEA5AF1F3AE0}.Debug|Any CPU.ActiveCfg = Debug|Any CPU
		{06AD6F6B-BBFA-458E-ACA4-EEA5AF1F3AE0}.Debug|Any CPU.Build.0 = Debug|Any CPU
		{06AD6F6B-BBFA-458E-ACA4-EEA5AF1F3AE0}.Release|Any CPU.ActiveCfg = Release|Any CPU
		{06AD6F6B-BBFA-458E-ACA4-EEA5AF1F3AE0}.Release|Any CPU.Build.0 = Release|Any CPU
		{CCC8EF2E-EEE3-4F5C-8A06-F07947D8BCFA}.Debug|Any CPU.ActiveCfg = Debug|Any CPU
		{CCC8EF2E-EEE3-4F5C-8A06-F07947D8BCFA}.Debug|Any CPU.Build.0 = Debug|Any CPU
		{CCC8EF2E-EEE3-4F5C-8A06-F07947D8BCFA}.Release|Any CPU.ActiveCfg = Release|Any CPU
		{CCC8EF2E-EEE3-4F5C-8A06-F07947D8BCFA}.Release|Any CPU.Build.0 = Release|Any CPU
		{77A17B04-2914-4DB5-874C-C533D437B176}.Debug|Any CPU.ActiveCfg = Debug|Any CPU
		{77A17B04-2914-4DB5-874C-C533D437B176}.Debug|Any CPU.Build.0 = Debug|Any CPU
		{77A17B04-2914-4DB5-874C-C533D437B176}.Release|Any CPU.ActiveCfg = Release|Any CPU
		{77A17B04-2914-4DB5-874C-C533D437B176}.Release|Any CPU.Build.0 = Release|Any CPU
		{62BF162D-118E-426C-8B96-1A1612E0A346}.Debug|Any CPU.ActiveCfg = Debug|Any CPU
		{62BF162D-118E-426C-8B96-1A1612E0A346}.Debug|Any CPU.Build.0 = Debug|Any CPU
		{62BF162D-118E-426C-8B96-1A1612E0A346}.Release|Any CPU.ActiveCfg = Release|Any CPU
		{62BF162D-118E-426C-8B96-1A1612E0A346}.Release|Any CPU.Build.0 = Release|Any CPU
		{74B08F14-A2A1-43A1-8DBF-CA9F19F9B8E2}.Debug|Any CPU.ActiveCfg = Debug|Any CPU
		{74B08F14-A2A1-43A1-8DBF-CA9F19F9B8E2}.Debug|Any CPU.Build.0 = Debug|Any CPU
		{74B08F14-A2A1-43A1-8DBF-CA9F19F9B8E2}.Release|Any CPU.ActiveCfg = Release|Any CPU
		{74B08F14-A2A1-43A1-8DBF-CA9F19F9B8E2}.Release|Any CPU.Build.0 = Release|Any CPU
		{AE79F03E-98FF-4730-BEFE-76204BFD7707}.Debug|Any CPU.ActiveCfg = Debug|Any CPU
		{AE79F03E-98FF-4730-BEFE-76204BFD7707}.Debug|Any CPU.Build.0 = Debug|Any CPU
		{AE79F03E-98FF-4730-BEFE-76204BFD7707}.Release|Any CPU.ActiveCfg = Release|Any CPU
		{AE79F03E-98FF-4730-BEFE-76204BFD7707}.Release|Any CPU.Build.0 = Release|Any CPU
		{53201298-2106-4464-9ABD-2BAD5A4C9071}.Debug|Any CPU.ActiveCfg = Debug|Any CPU
		{53201298-2106-4464-9ABD-2BAD5A4C9071}.Debug|Any CPU.Build.0 = Debug|Any CPU
		{53201298-2106-4464-9ABD-2BAD5A4C9071}.Release|Any CPU.ActiveCfg = Release|Any CPU
		{53201298-2106-4464-9ABD-2BAD5A4C9071}.Release|Any CPU.Build.0 = Release|Any CPU
		{F08C2C33-A296-432A-82D5-340C9FDA9F2D}.Debug|Any CPU.ActiveCfg = Debug|Any CPU
		{F08C2C33-A296-432A-82D5-340C9FDA9F2D}.Debug|Any CPU.Build.0 = Debug|Any CPU
		{F08C2C33-A296-432A-82D5-340C9FDA9F2D}.Release|Any CPU.ActiveCfg = Release|Any CPU
		{F08C2C33-A296-432A-82D5-340C9FDA9F2D}.Release|Any CPU.Build.0 = Release|Any CPU
		{5C47DE3D-35EB-486D-AA7B-CDF5905F31FA}.Debug|Any CPU.ActiveCfg = Debug|Any CPU
		{5C47DE3D-35EB-486D-AA7B-CDF5905F31FA}.Debug|Any CPU.Build.0 = Debug|Any CPU
		{5C47DE3D-35EB-486D-AA7B-CDF5905F31FA}.Release|Any CPU.ActiveCfg = Release|Any CPU
		{5C47DE3D-35EB-486D-AA7B-CDF5905F31FA}.Release|Any CPU.Build.0 = Release|Any CPU
		{1B0A262F-E3DE-426B-BE4A-05BAD7DCF8DB}.Debug|Any CPU.ActiveCfg = Debug|Any CPU
		{1B0A262F-E3DE-426B-BE4A-05BAD7DCF8DB}.Debug|Any CPU.Build.0 = Debug|Any CPU
		{1B0A262F-E3DE-426B-BE4A-05BAD7DCF8DB}.Release|Any CPU.ActiveCfg = Release|Any CPU
		{1B0A262F-E3DE-426B-BE4A-05BAD7DCF8DB}.Release|Any CPU.Build.0 = Release|Any CPU
		{41E5D3CA-8862-4234-8A3B-4B99C2B2B405}.Debug|Any CPU.ActiveCfg = Debug|Any CPU
		{41E5D3CA-8862-4234-8A3B-4B99C2B2B405}.Debug|Any CPU.Build.0 = Debug|Any CPU
		{41E5D3CA-8862-4234-8A3B-4B99C2B2B405}.Release|Any CPU.ActiveCfg = Release|Any CPU
		{41E5D3CA-8862-4234-8A3B-4B99C2B2B405}.Release|Any CPU.Build.0 = Release|Any CPU
		{EBB5F42D-1BD7-4B2F-983C-C9E634310C8D}.Debug|Any CPU.ActiveCfg = Debug|Any CPU
		{EBB5F42D-1BD7-4B2F-983C-C9E634310C8D}.Debug|Any CPU.Build.0 = Debug|Any CPU
		{EBB5F42D-1BD7-4B2F-983C-C9E634310C8D}.Release|Any CPU.ActiveCfg = Release|Any CPU
		{EBB5F42D-1BD7-4B2F-983C-C9E634310C8D}.Release|Any CPU.Build.0 = Release|Any CPU
		{F72F3B3E-0DA7-4629-BD6E-DECADCE40623}.Debug|Any CPU.ActiveCfg = Debug|Any CPU
		{F72F3B3E-0DA7-4629-BD6E-DECADCE40623}.Debug|Any CPU.Build.0 = Debug|Any CPU
		{F72F3B3E-0DA7-4629-BD6E-DECADCE40623}.Release|Any CPU.ActiveCfg = Release|Any CPU
		{F72F3B3E-0DA7-4629-BD6E-DECADCE40623}.Release|Any CPU.Build.0 = Release|Any CPU
		{B105D6AB-A3F8-4609-A42E-F6AE10D433F8}.Debug|Any CPU.ActiveCfg = Debug|Any CPU
		{B105D6AB-A3F8-4609-A42E-F6AE10D433F8}.Debug|Any CPU.Build.0 = Debug|Any CPU
		{B105D6AB-A3F8-4609-A42E-F6AE10D433F8}.Release|Any CPU.ActiveCfg = Release|Any CPU
		{B105D6AB-A3F8-4609-A42E-F6AE10D433F8}.Release|Any CPU.Build.0 = Release|Any CPU
		{9FA70DCE-D68C-4BC8-A73F-3A9D88A7220A}.Debug|Any CPU.ActiveCfg = Debug|Any CPU
		{9FA70DCE-D68C-4BC8-A73F-3A9D88A7220A}.Debug|Any CPU.Build.0 = Debug|Any CPU
		{9FA70DCE-D68C-4BC8-A73F-3A9D88A7220A}.Release|Any CPU.ActiveCfg = Release|Any CPU
		{9FA70DCE-D68C-4BC8-A73F-3A9D88A7220A}.Release|Any CPU.Build.0 = Release|Any CPU
		{5A140A0F-94B7-4D5A-A0BE-7DAA323534BB}.Debug|Any CPU.ActiveCfg = Debug|Any CPU
		{5A140A0F-94B7-4D5A-A0BE-7DAA323534BB}.Debug|Any CPU.Build.0 = Debug|Any CPU
		{5A140A0F-94B7-4D5A-A0BE-7DAA323534BB}.Release|Any CPU.ActiveCfg = Release|Any CPU
		{5A140A0F-94B7-4D5A-A0BE-7DAA323534BB}.Release|Any CPU.Build.0 = Release|Any CPU
		{CAE9F23B-0FC8-44D4-B8A7-F60FF29ACCDE}.Debug|Any CPU.ActiveCfg = Debug|Any CPU
		{CAE9F23B-0FC8-44D4-B8A7-F60FF29ACCDE}.Debug|Any CPU.Build.0 = Debug|Any CPU
		{CAE9F23B-0FC8-44D4-B8A7-F60FF29ACCDE}.Release|Any CPU.ActiveCfg = Release|Any CPU
		{CAE9F23B-0FC8-44D4-B8A7-F60FF29ACCDE}.Release|Any CPU.Build.0 = Release|Any CPU
		{76C85675-6AF0-509D-F457-1B8F15CA4FF0}.Debug|Any CPU.ActiveCfg = Debug|Any CPU
		{76C85675-6AF0-509D-F457-1B8F15CA4FF0}.Debug|Any CPU.Build.0 = Debug|Any CPU
		{76C85675-6AF0-509D-F457-1B8F15CA4FF0}.Release|Any CPU.ActiveCfg = Release|Any CPU
		{76C85675-6AF0-509D-F457-1B8F15CA4FF0}.Release|Any CPU.Build.0 = Release|Any CPU
		{D883F4DF-CF88-6DA1-1167-558B97B94C16}.Debug|Any CPU.ActiveCfg = Debug|Any CPU
		{D883F4DF-CF88-6DA1-1167-558B97B94C16}.Debug|Any CPU.Build.0 = Debug|Any CPU
		{D883F4DF-CF88-6DA1-1167-558B97B94C16}.Release|Any CPU.ActiveCfg = Release|Any CPU
		{D883F4DF-CF88-6DA1-1167-558B97B94C16}.Release|Any CPU.Build.0 = Release|Any CPU
		{3C8BCBB5-21F4-EBC5-29F0-056F95C47BD3}.Debug|Any CPU.ActiveCfg = Debug|Any CPU
		{3C8BCBB5-21F4-EBC5-29F0-056F95C47BD3}.Debug|Any CPU.Build.0 = Debug|Any CPU
		{3C8BCBB5-21F4-EBC5-29F0-056F95C47BD3}.Release|Any CPU.ActiveCfg = Release|Any CPU
		{3C8BCBB5-21F4-EBC5-29F0-056F95C47BD3}.Release|Any CPU.Build.0 = Release|Any CPU
		{0E271D27-8139-5EA9-4BAF-BBC9F2DD92BE}.Debug|Any CPU.ActiveCfg = Debug|Any CPU
		{0E271D27-8139-5EA9-4BAF-BBC9F2DD92BE}.Debug|Any CPU.Build.0 = Debug|Any CPU
		{0E271D27-8139-5EA9-4BAF-BBC9F2DD92BE}.Release|Any CPU.ActiveCfg = Release|Any CPU
		{0E271D27-8139-5EA9-4BAF-BBC9F2DD92BE}.Release|Any CPU.Build.0 = Release|Any CPU
		{A3AA710A-47CB-58AC-A0C9-6A4987624B0C}.Debug|Any CPU.ActiveCfg = Debug|Any CPU
		{A3AA710A-47CB-58AC-A0C9-6A4987624B0C}.Debug|Any CPU.Build.0 = Debug|Any CPU
		{A3AA710A-47CB-58AC-A0C9-6A4987624B0C}.Release|Any CPU.ActiveCfg = Release|Any CPU
		{A3AA710A-47CB-58AC-A0C9-6A4987624B0C}.Release|Any CPU.Build.0 = Release|Any CPU
		{65FC2936-7C6C-A678-1996-FD0AD74DDA3A}.Debug|Any CPU.ActiveCfg = Debug|Any CPU
		{65FC2936-7C6C-A678-1996-FD0AD74DDA3A}.Debug|Any CPU.Build.0 = Debug|Any CPU
		{65FC2936-7C6C-A678-1996-FD0AD74DDA3A}.Release|Any CPU.ActiveCfg = Release|Any CPU
		{65FC2936-7C6C-A678-1996-FD0AD74DDA3A}.Release|Any CPU.Build.0 = Release|Any CPU
		{A27E6C4D-BF16-2EF3-C8BA-8ED9DA1B914F}.Debug|Any CPU.ActiveCfg = Debug|Any CPU
		{A27E6C4D-BF16-2EF3-C8BA-8ED9DA1B914F}.Debug|Any CPU.Build.0 = Debug|Any CPU
		{A27E6C4D-BF16-2EF3-C8BA-8ED9DA1B914F}.Release|Any CPU.ActiveCfg = Release|Any CPU
		{A27E6C4D-BF16-2EF3-C8BA-8ED9DA1B914F}.Release|Any CPU.Build.0 = Release|Any CPU
	EndGlobalSection
	GlobalSection(SolutionProperties) = preSolution
		HideSolutionNode = FALSE
	EndGlobalSection
	GlobalSection(NestedProjects) = preSolution
		{94E440F7-C9B4-41B4-B7F2-631361BB15C2} = {EDFECE32-94EC-4AC5-8A4B-B7CDECC65CB0}
		{06AD6F6B-BBFA-458E-ACA4-EEA5AF1F3AE0} = {EDFECE32-94EC-4AC5-8A4B-B7CDECC65CB0}
		{CCC8EF2E-EEE3-4F5C-8A06-F07947D8BCFA} = {EDFECE32-94EC-4AC5-8A4B-B7CDECC65CB0}
		{77A17B04-2914-4DB5-874C-C533D437B176} = {EDFECE32-94EC-4AC5-8A4B-B7CDECC65CB0}
		{74B08F14-A2A1-43A1-8DBF-CA9F19F9B8E2} = {EDFECE32-94EC-4AC5-8A4B-B7CDECC65CB0}
		{AE79F03E-98FF-4730-BEFE-76204BFD7707} = {EDFECE32-94EC-4AC5-8A4B-B7CDECC65CB0}
		{F08C2C33-A296-432A-82D5-340C9FDA9F2D} = {EDFECE32-94EC-4AC5-8A4B-B7CDECC65CB0}
		{5C47DE3D-35EB-486D-AA7B-CDF5905F31FA} = {EDFECE32-94EC-4AC5-8A4B-B7CDECC65CB0}
		{1B0A262F-E3DE-426B-BE4A-05BAD7DCF8DB} = {EDFECE32-94EC-4AC5-8A4B-B7CDECC65CB0}
		{41E5D3CA-8862-4234-8A3B-4B99C2B2B405} = {EDFECE32-94EC-4AC5-8A4B-B7CDECC65CB0}
		{EBB5F42D-1BD7-4B2F-983C-C9E634310C8D} = {EDFECE32-94EC-4AC5-8A4B-B7CDECC65CB0}
		{A1018CA4-B0D3-46E5-82EE-30FD1D642563} = {EDFECE32-94EC-4AC5-8A4B-B7CDECC65CB0}
		{5D1E183C-65E6-43DE-947B-91A24CD857CB} = {A1018CA4-B0D3-46E5-82EE-30FD1D642563}
		{F72F3B3E-0DA7-4629-BD6E-DECADCE40623} = {5D1E183C-65E6-43DE-947B-91A24CD857CB}
		{A0F05701-A3F2-42B6-9F79-2AD27971A79F} = {A1018CA4-B0D3-46E5-82EE-30FD1D642563}
		{B105D6AB-A3F8-4609-A42E-F6AE10D433F8} = {A0F05701-A3F2-42B6-9F79-2AD27971A79F}
		{5A140A0F-94B7-4D5A-A0BE-7DAA323534BB} = {EDFECE32-94EC-4AC5-8A4B-B7CDECC65CB0}
		{A3AA710A-47CB-58AC-A0C9-6A4987624B0C} = {EDFECE32-94EC-4AC5-8A4B-B7CDECC65CB0}
	EndGlobalSection
	GlobalSection(ExtensibilityGlobals) = postSolution
		SolutionGuid = {9EDE643D-268A-4BB9-85A6-F32F11E40516}
	EndGlobalSection
EndGlobal
